
Microsoft Visual Studio Solution File, Format Version 12.00
# Visual Studio Version 17
VisualStudioVersion = 17.8.34309.116
MinimumVisualStudioVersion = 10.0.40219.1
Project("{FAE04EC0-301F-11D3-BF4B-00C04F79EFBC}") = "ddda", "ddda\ddda.csproj", "{B2AA2762-4364-404C-B443-4E5EDBCFC4E5}"
EndProject
Global
	GlobalSection(SolutionConfigurationPlatforms) = preSolution
		Debug|Any CPU = Debug|Any CPU
		Release|Any CPU = Release|Any CPU
	EndGlobalSection
	GlobalSection(ProjectConfigurationPlatforms) = postSolution
		{B2AA2762-4364-404C-B443-4E5EDBCFC4E5}.Debug|Any CPU.ActiveCfg = Debug|Any CPU
		{B2AA2762-4364-404C-B443-4E5EDBCFC4E5}.Debug|Any CPU.Build.0 = Debug|Any CPU
		{B2AA2762-4364-404C-B443-4E5EDBCFC4E5}.Release|Any CPU.ActiveCfg = Release|Any CPU
		{B2AA2762-4364-404C-B443-4E5EDBCFC4E5}.Release|Any CPU.Build.0 = Release|Any CPU
	EndGlobalSection
	GlobalSection(SolutionProperties) = preSolution
		HideSolutionNode = FALSE
	EndGlobalSection
	GlobalSection(ExtensibilityGlobals) = postSolution
		SolutionGuid = {7B18AD30-4EF2-4B28-8879-7588D6BBD3B1}
	EndGlobalSection
EndGlobal
